
Microsoft Visual Studio Solution File, Format Version 12.00
# Visual Studio Version 17
VisualStudioVersion = 17.0.31903.59
MinimumVisualStudioVersion = 10.0.40219.1
Project("{FAE04EC0-301F-11D3-BF4B-00C04F79EFBC}") = "API", "API\API.csproj", "{0FDD0050-2B96-41B1-976E-68137FB3DE38}"
EndProject
Project("{FAE04EC0-301F-11D3-BF4B-00C04F79EFBC}") = "Application", "Application\Application.csproj", "{A8E6B48F-6F85-4B9E-AB8A-B98A4F79B6AA}"
EndProject
Project("{FAE04EC0-301F-11D3-BF4B-00C04F79EFBC}") = "Domain", "Domain\Domain.csproj", "{54FDBDFC-857C-4B81-AFD7-1F538F7BA87C}"
EndProject
Project("{FAE04EC0-301F-11D3-BF4B-00C04F79EFBC}") = "Persistence", "Persistence\Persistence.csproj", "{FBA57DA0-6859-4C55-B6D5-15BF8411F692}"
EndProject
Global
	GlobalSection(SolutionConfigurationPlatforms) = preSolution
		Debug|Any CPU = Debug|Any CPU
		Release|Any CPU = Release|Any CPU
	EndGlobalSection
	GlobalSection(SolutionProperties) = preSolution
		HideSolutionNode = FALSE
	EndGlobalSection
	GlobalSection(ProjectConfigurationPlatforms) = postSolution
		{0FDD0050-2B96-41B1-976E-68137FB3DE38}.Debug|Any CPU.ActiveCfg = Debug|Any CPU
		{0FDD0050-2B96-41B1-976E-68137FB3DE38}.Debug|Any CPU.Build.0 = Debug|Any CPU
		{0FDD0050-2B96-41B1-976E-68137FB3DE38}.Release|Any CPU.ActiveCfg = Release|Any CPU
		{0FDD0050-2B96-41B1-976E-68137FB3DE38}.Release|Any CPU.Build.0 = Release|Any CPU
		{A8E6B48F-6F85-4B9E-AB8A-B98A4F79B6AA}.Debug|Any CPU.ActiveCfg = Debug|Any CPU
		{A8E6B48F-6F85-4B9E-AB8A-B98A4F79B6AA}.Debug|Any CPU.Build.0 = Debug|Any CPU
		{A8E6B48F-6F85-4B9E-AB8A-B98A4F79B6AA}.Release|Any CPU.ActiveCfg = Release|Any CPU
		{A8E6B48F-6F85-4B9E-AB8A-B98A4F79B6AA}.Release|Any CPU.Build.0 = Release|Any CPU
		{54FDBDFC-857C-4B81-AFD7-1F538F7BA87C}.Debug|Any CPU.ActiveCfg = Debug|Any CPU
		{54FDBDFC-857C-4B81-AFD7-1F538F7BA87C}.Debug|Any CPU.Build.0 = Debug|Any CPU
		{54FDBDFC-857C-4B81-AFD7-1F538F7BA87C}.Release|Any CPU.ActiveCfg = Release|Any CPU
		{54FDBDFC-857C-4B81-AFD7-1F538F7BA87C}.Release|Any CPU.Build.0 = Release|Any CPU
		{FBA57DA0-6859-4C55-B6D5-15BF8411F692}.Debug|Any CPU.ActiveCfg = Debug|Any CPU
		{FBA57DA0-6859-4C55-B6D5-15BF8411F692}.Debug|Any CPU.Build.0 = Debug|Any CPU
		{FBA57DA0-6859-4C55-B6D5-15BF8411F692}.Release|Any CPU.ActiveCfg = Release|Any CPU
		{FBA57DA0-6859-4C55-B6D5-15BF8411F692}.Release|Any CPU.Build.0 = Release|Any CPU
	EndGlobalSection
EndGlobal
